
Microsoft Visual Studio Solution File, Format Version 12.00
# Visual Studio Version 17
VisualStudioVersion = 17.3.32819.101
MinimumVisualStudioVersion = 10.0.40219.1
Project("{9A19103F-16F7-4668-BE54-9A1E7A4F7556}") = "WebApiProduct", "WebApiProduct\WebApiProduct.csproj", "{5E97389B-E779-4814-9AFA-7CB1744AFDF7}"
EndProject
Project("{FAE04EC0-301F-11D3-BF4B-00C04F79EFBC}") = "WebApiProduct.Test", "WebApiProduct.Test\WebApiProduct.Test.csproj", "{56FC170D-5EFB-4AF9-B0CA-A3185CFB0155}"
EndProject
Global
	GlobalSection(SolutionConfigurationPlatforms) = preSolution
		Debug|Any CPU = Debug|Any CPU
		Release|Any CPU = Release|Any CPU
	EndGlobalSection
	GlobalSection(ProjectConfigurationPlatforms) = postSolution
		{5E97389B-E779-4814-9AFA-7CB1744AFDF7}.Debug|Any CPU.ActiveCfg = Debug|Any CPU
		{5E97389B-E779-4814-9AFA-7CB1744AFDF7}.Debug|Any CPU.Build.0 = Debug|Any CPU
		{5E97389B-E779-4814-9AFA-7CB1744AFDF7}.Release|Any CPU.ActiveCfg = Release|Any CPU
		{5E97389B-E779-4814-9AFA-7CB1744AFDF7}.Release|Any CPU.Build.0 = Release|Any CPU
		{56FC170D-5EFB-4AF9-B0CA-A3185CFB0155}.Debug|Any CPU.ActiveCfg = Debug|Any CPU
		{56FC170D-5EFB-4AF9-B0CA-A3185CFB0155}.Debug|Any CPU.Build.0 = Debug|Any CPU
		{56FC170D-5EFB-4AF9-B0CA-A3185CFB0155}.Release|Any CPU.ActiveCfg = Release|Any CPU
		{56FC170D-5EFB-4AF9-B0CA-A3185CFB0155}.Release|Any CPU.Build.0 = Release|Any CPU
	EndGlobalSection
	GlobalSection(SolutionProperties) = preSolution
		HideSolutionNode = FALSE
	EndGlobalSection
	GlobalSection(ExtensibilityGlobals) = postSolution
		SolutionGuid = {83ED7D8D-631B-46DE-96A5-A1D02733CE46}
	EndGlobalSection
EndGlobal
